
Microsoft Visual Studio Solution File, Format Version 12.00
# Visual Studio 15
VisualStudioVersion = 15.0.28010.2036
MinimumVisualStudioVersion = 10.0.40219.1
Project("{2150E333-8FDC-42A3-9474-1A3956D46DE8}") = "Application", "Application", "{73E9B0C5-8771-4186-B65D-8A4EFA3F78C8}"
EndProject
Project("{2150E333-8FDC-42A3-9474-1A3956D46DE8}") = "Domain", "Domain", "{5AE0A550-1AF7-4BB1-86BC-A8082E681053}"
EndProject
Project("{2150E333-8FDC-42A3-9474-1A3956D46DE8}") = "Infrastructure", "Infrastructure", "{831FB2C0-D898-46BD-AC08-F9D49DE1AC36}"
EndProject
Project("{2150E333-8FDC-42A3-9474-1A3956D46DE8}") = "Data", "Data", "{E4979CF5-9450-4CE5-8A86-80328F6B18D5}"
EndProject
Project("{FAE04EC0-301F-11D3-BF4B-00C04F79EFBC}") = "sac.infra.data", "Infrastructure\Data\sac.infra.data\sac.infra.data.csproj", "{A23E9B61-B401-4DED-9C0B-BBD1F40EB723}"
EndProject
Project("{FAE04EC0-301F-11D3-BF4B-00C04F79EFBC}") = "sac.domain", "Domain\sac.domain\sac.domain.csproj", "{398B1B28-CF27-473F-8FC1-D4E5031AE76E}"
EndProject
Project("{2150E333-8FDC-42A3-9474-1A3956D46DE8}") = "Service", "Service", "{41D20441-5C2F-4798-B0C2-5973CBA6724A}"
EndProject
Project("{FAE04EC0-301F-11D3-BF4B-00C04F79EFBC}") = "sac.service", "Service\sac.service\sac.service.csproj", "{B56EDE25-639B-47E8-8C9F-5B2D8569DF78}"
EndProject
Project("{2150E333-8FDC-42A3-9474-1A3956D46DE8}") = "Api", "Api", "{70146516-190C-4DE2-A75E-D372F07AFF0E}"
EndProject
Project("{FAE04EC0-301F-11D3-BF4B-00C04F79EFBC}") = "sac.WebApi", "sac.WebApi\sac.WebApi.csproj", "{B3B22A97-E1DA-43E2-B1EA-7A40B2F2D746}"
	ProjectSection(ProjectDependencies) = postProject
		{B56EDE25-639B-47E8-8C9F-5B2D8569DF78} = {B56EDE25-639B-47E8-8C9F-5B2D8569DF78}
		{398B1B28-CF27-473F-8FC1-D4E5031AE76E} = {398B1B28-CF27-473F-8FC1-D4E5031AE76E}
		{A23E9B61-B401-4DED-9C0B-BBD1F40EB723} = {A23E9B61-B401-4DED-9C0B-BBD1F40EB723}
		{934F857D-52B7-465C-A8AF-69583C2B2B04} = {934F857D-52B7-465C-A8AF-69583C2B2B04}
	EndProjectSection
EndProject
Project("{FAE04EC0-301F-11D3-BF4B-00C04F79EFBC}") = "sac.WebApi.Tests", "sac.WebApi.Tests\sac.WebApi.Tests.csproj", "{C3D873F3-8127-4E74-B501-D21AEFE28533}"
EndProject
Project("{FAE04EC0-301F-11D3-BF4B-00C04F79EFBC}") = "sac.application", "Application\sac.application\sac.application.csproj", "{934F857D-52B7-465C-A8AF-69583C2B2B04}"
EndProject
Global
	GlobalSection(SolutionConfigurationPlatforms) = preSolution
		Debug|Any CPU = Debug|Any CPU
		Release|Any CPU = Release|Any CPU
	EndGlobalSection
	GlobalSection(ProjectConfigurationPlatforms) = postSolution
		{A23E9B61-B401-4DED-9C0B-BBD1F40EB723}.Debug|Any CPU.ActiveCfg = Debug|Any CPU
		{A23E9B61-B401-4DED-9C0B-BBD1F40EB723}.Debug|Any CPU.Build.0 = Debug|Any CPU
		{A23E9B61-B401-4DED-9C0B-BBD1F40EB723}.Release|Any CPU.ActiveCfg = Release|Any CPU
		{A23E9B61-B401-4DED-9C0B-BBD1F40EB723}.Release|Any CPU.Build.0 = Release|Any CPU
		{398B1B28-CF27-473F-8FC1-D4E5031AE76E}.Debug|Any CPU.ActiveCfg = Debug|Any CPU
		{398B1B28-CF27-473F-8FC1-D4E5031AE76E}.Debug|Any CPU.Build.0 = Debug|Any CPU
		{398B1B28-CF27-473F-8FC1-D4E5031AE76E}.Release|Any CPU.ActiveCfg = Release|Any CPU
		{398B1B28-CF27-473F-8FC1-D4E5031AE76E}.Release|Any CPU.Build.0 = Release|Any CPU
		{B56EDE25-639B-47E8-8C9F-5B2D8569DF78}.Debug|Any CPU.ActiveCfg = Debug|Any CPU
		{B56EDE25-639B-47E8-8C9F-5B2D8569DF78}.Debug|Any CPU.Build.0 = Debug|Any CPU
		{B56EDE25-639B-47E8-8C9F-5B2D8569DF78}.Release|Any CPU.ActiveCfg = Release|Any CPU
		{B56EDE25-639B-47E8-8C9F-5B2D8569DF78}.Release|Any CPU.Build.0 = Release|Any CPU
		{B3B22A97-E1DA-43E2-B1EA-7A40B2F2D746}.Debug|Any CPU.ActiveCfg = Debug|Any CPU
		{B3B22A97-E1DA-43E2-B1EA-7A40B2F2D746}.Debug|Any CPU.Build.0 = Debug|Any CPU
		{B3B22A97-E1DA-43E2-B1EA-7A40B2F2D746}.Release|Any CPU.ActiveCfg = Release|Any CPU
		{B3B22A97-E1DA-43E2-B1EA-7A40B2F2D746}.Release|Any CPU.Build.0 = Release|Any CPU
		{C3D873F3-8127-4E74-B501-D21AEFE28533}.Debug|Any CPU.ActiveCfg = Debug|Any CPU
		{C3D873F3-8127-4E74-B501-D21AEFE28533}.Debug|Any CPU.Build.0 = Debug|Any CPU
		{C3D873F3-8127-4E74-B501-D21AEFE28533}.Release|Any CPU.ActiveCfg = Release|Any CPU
		{C3D873F3-8127-4E74-B501-D21AEFE28533}.Release|Any CPU.Build.0 = Release|Any CPU
		{934F857D-52B7-465C-A8AF-69583C2B2B04}.Debug|Any CPU.ActiveCfg = Debug|Any CPU
		{934F857D-52B7-465C-A8AF-69583C2B2B04}.Debug|Any CPU.Build.0 = Debug|Any CPU
		{934F857D-52B7-465C-A8AF-69583C2B2B04}.Release|Any CPU.ActiveCfg = Release|Any CPU
		{934F857D-52B7-465C-A8AF-69583C2B2B04}.Release|Any CPU.Build.0 = Release|Any CPU
	EndGlobalSection
	GlobalSection(SolutionProperties) = preSolution
		HideSolutionNode = FALSE
	EndGlobalSection
	GlobalSection(NestedProjects) = preSolution
		{E4979CF5-9450-4CE5-8A86-80328F6B18D5} = {831FB2C0-D898-46BD-AC08-F9D49DE1AC36}
		{A23E9B61-B401-4DED-9C0B-BBD1F40EB723} = {E4979CF5-9450-4CE5-8A86-80328F6B18D5}
		{398B1B28-CF27-473F-8FC1-D4E5031AE76E} = {5AE0A550-1AF7-4BB1-86BC-A8082E681053}
		{B56EDE25-639B-47E8-8C9F-5B2D8569DF78} = {41D20441-5C2F-4798-B0C2-5973CBA6724A}
		{B3B22A97-E1DA-43E2-B1EA-7A40B2F2D746} = {70146516-190C-4DE2-A75E-D372F07AFF0E}
		{C3D873F3-8127-4E74-B501-D21AEFE28533} = {70146516-190C-4DE2-A75E-D372F07AFF0E}
		{934F857D-52B7-465C-A8AF-69583C2B2B04} = {73E9B0C5-8771-4186-B65D-8A4EFA3F78C8}
	EndGlobalSection
	GlobalSection(ExtensibilityGlobals) = postSolution
		SolutionGuid = {D16D8521-6654-4F80-82F2-6954AAE1DE4D}
	EndGlobalSection
EndGlobal
