
Microsoft Visual Studio Solution File, Format Version 12.00
# Visual Studio 15
VisualStudioVersion = 15.0.27004.2005
MinimumVisualStudioVersion = 10.0.40219.1
Project("{2150E333-8FDC-42A3-9474-1A3956D46DE8}") = "Application", "Application", "{0696BBA8-5B4E-412B-9950-38B488D34634}"
EndProject
Project("{2150E333-8FDC-42A3-9474-1A3956D46DE8}") = "Domain", "Domain", "{54EC94B6-C19E-428A-86FA-BF31EC7E6A4E}"
EndProject
Project("{2150E333-8FDC-42A3-9474-1A3956D46DE8}") = "Infrastrutcture", "Infrastrutcture", "{19138AAA-7FDB-408A-AD4C-27D2C40BA99C}"
EndProject
Project("{FAE04EC0-301F-11D3-BF4B-00C04F79EFBC}") = "admin.domain", "Domain\admin.domain.csproj", "{43EEAAC0-1D7C-48DA-8D18-F600D4D89772}"
EndProject
Project("{FAE04EC0-301F-11D3-BF4B-00C04F79EFBC}") = "admin.infra.data", "system.infra\admin.infra.data.csproj", "{9874E28A-89C3-46E1-9BF5-79E23E476503}"
EndProject
Project("{2150E333-8FDC-42A3-9474-1A3956D46DE8}") = "Data", "Data", "{6BFB657E-7199-485C-8D89-C9DB20F53F03}"
EndProject
Project("{2150E333-8FDC-42A3-9474-1A3956D46DE8}") = "CrossCutting", "CrossCutting", "{C1CC41A2-6D11-459D-B482-8F40094A0DC7}"
EndProject
Project("{2150E333-8FDC-42A3-9474-1A3956D46DE8}") = "Service", "Service", "{E870CA74-C92E-40DE-8405-C30CE6D34647}"
EndProject
Project("{FAE04EC0-301F-11D3-BF4B-00C04F79EFBC}") = "admin.application", "admin.app\admin.application.csproj", "{E6276F4E-A8A7-49F3-ABA4-D54A8EBC1D3B}"
EndProject
Project("{FAE04EC0-301F-11D3-BF4B-00C04F79EFBC}") = "admin.services", "admin.services\admin.services.csproj", "{B1BF3745-6E29-4010-A56F-EC90747C7E6F}"
EndProject
Global
	GlobalSection(SolutionConfigurationPlatforms) = preSolution
		Debug|Any CPU = Debug|Any CPU
		Release|Any CPU = Release|Any CPU
	EndGlobalSection
	GlobalSection(ProjectConfigurationPlatforms) = postSolution
		{43EEAAC0-1D7C-48DA-8D18-F600D4D89772}.Debug|Any CPU.ActiveCfg = Debug|Any CPU
		{43EEAAC0-1D7C-48DA-8D18-F600D4D89772}.Debug|Any CPU.Build.0 = Debug|Any CPU
		{43EEAAC0-1D7C-48DA-8D18-F600D4D89772}.Release|Any CPU.ActiveCfg = Release|Any CPU
		{43EEAAC0-1D7C-48DA-8D18-F600D4D89772}.Release|Any CPU.Build.0 = Release|Any CPU
		{9874E28A-89C3-46E1-9BF5-79E23E476503}.Debug|Any CPU.ActiveCfg = Debug|Any CPU
		{9874E28A-89C3-46E1-9BF5-79E23E476503}.Debug|Any CPU.Build.0 = Debug|Any CPU
		{9874E28A-89C3-46E1-9BF5-79E23E476503}.Release|Any CPU.ActiveCfg = Release|Any CPU
		{9874E28A-89C3-46E1-9BF5-79E23E476503}.Release|Any CPU.Build.0 = Release|Any CPU
		{E6276F4E-A8A7-49F3-ABA4-D54A8EBC1D3B}.Debug|Any CPU.ActiveCfg = Debug|Any CPU
		{E6276F4E-A8A7-49F3-ABA4-D54A8EBC1D3B}.Debug|Any CPU.Build.0 = Debug|Any CPU
		{E6276F4E-A8A7-49F3-ABA4-D54A8EBC1D3B}.Release|Any CPU.ActiveCfg = Release|Any CPU
		{E6276F4E-A8A7-49F3-ABA4-D54A8EBC1D3B}.Release|Any CPU.Build.0 = Release|Any CPU
		{B1BF3745-6E29-4010-A56F-EC90747C7E6F}.Debug|Any CPU.ActiveCfg = Debug|Any CPU
		{B1BF3745-6E29-4010-A56F-EC90747C7E6F}.Debug|Any CPU.Build.0 = Debug|Any CPU
		{B1BF3745-6E29-4010-A56F-EC90747C7E6F}.Release|Any CPU.ActiveCfg = Release|Any CPU
		{B1BF3745-6E29-4010-A56F-EC90747C7E6F}.Release|Any CPU.Build.0 = Release|Any CPU
	EndGlobalSection
	GlobalSection(SolutionProperties) = preSolution
		HideSolutionNode = FALSE
	EndGlobalSection
	GlobalSection(NestedProjects) = preSolution
		{43EEAAC0-1D7C-48DA-8D18-F600D4D89772} = {54EC94B6-C19E-428A-86FA-BF31EC7E6A4E}
		{9874E28A-89C3-46E1-9BF5-79E23E476503} = {6BFB657E-7199-485C-8D89-C9DB20F53F03}
		{6BFB657E-7199-485C-8D89-C9DB20F53F03} = {19138AAA-7FDB-408A-AD4C-27D2C40BA99C}
		{C1CC41A2-6D11-459D-B482-8F40094A0DC7} = {19138AAA-7FDB-408A-AD4C-27D2C40BA99C}
		{E6276F4E-A8A7-49F3-ABA4-D54A8EBC1D3B} = {0696BBA8-5B4E-412B-9950-38B488D34634}
		{B1BF3745-6E29-4010-A56F-EC90747C7E6F} = {E870CA74-C92E-40DE-8405-C30CE6D34647}
	EndGlobalSection
	GlobalSection(ExtensibilityGlobals) = postSolution
		SolutionGuid = {5B1A7DCB-8C22-4A33-9D51-BC2D05735EA8}
	EndGlobalSection
EndGlobal
