
Microsoft Visual Studio Solution File, Format Version 12.00
# Visual Studio 15
VisualStudioVersion = 15.0.28010.2036
MinimumVisualStudioVersion = 10.0.40219.1
Project("{2150E333-8FDC-42A3-9474-1A3956D46DE8}") = "Application", "Application", "{69A79ED8-CA56-437E-A26E-7169E9D58FBB}"
EndProject
Project("{2150E333-8FDC-42A3-9474-1A3956D46DE8}") = "Domain", "Domain", "{19F69E15-5A25-44C1-9CF8-494C3C8760F4}"
EndProject
Project("{2150E333-8FDC-42A3-9474-1A3956D46DE8}") = "Infrastructure", "Infrastructure", "{B202A1CC-AA1E-41EA-8CBE-23DCFFED9C19}"
EndProject
Project("{2150E333-8FDC-42A3-9474-1A3956D46DE8}") = "Data", "Data", "{3DA71D6C-8CA3-4505-A5F8-23F3CA29B999}"
EndProject
Project("{2150E333-8FDC-42A3-9474-1A3956D46DE8}") = "CrossCutting", "CrossCutting", "{7C2473AD-B259-4504-AF4C-99785E67314B}"
EndProject
Project("{2150E333-8FDC-42A3-9474-1A3956D46DE8}") = "Service", "Service", "{B3D5AA1D-7271-4B01-B2F3-F2BBC7D004BE}"
EndProject
Project("{FAE04EC0-301F-11D3-BF4B-00C04F79EFBC}") = "shipping.service", "shipping.service\shipping.service.csproj", "{AE5841B5-036C-4492-B15C-F623D3F75293}"
EndProject
Project("{FAE04EC0-301F-11D3-BF4B-00C04F79EFBC}") = "shipping.domain", "shipping.domain\shipping.domain.csproj", "{C318FB1A-4013-4DC3-9982-0FE9769E636B}"
EndProject
Project("{FAE04EC0-301F-11D3-BF4B-00C04F79EFBC}") = "shipping.infra.data", "shipping.infra.data\shipping.infra.data.csproj", "{630C8159-5DFC-42C1-9A5A-6CF52E8C8A7E}"
EndProject
Global
	GlobalSection(SolutionConfigurationPlatforms) = preSolution
		Debug|Any CPU = Debug|Any CPU
		Release|Any CPU = Release|Any CPU
	EndGlobalSection
	GlobalSection(ProjectConfigurationPlatforms) = postSolution
		{AE5841B5-036C-4492-B15C-F623D3F75293}.Debug|Any CPU.ActiveCfg = Debug|Any CPU
		{AE5841B5-036C-4492-B15C-F623D3F75293}.Debug|Any CPU.Build.0 = Debug|Any CPU
		{AE5841B5-036C-4492-B15C-F623D3F75293}.Release|Any CPU.ActiveCfg = Release|Any CPU
		{AE5841B5-036C-4492-B15C-F623D3F75293}.Release|Any CPU.Build.0 = Release|Any CPU
		{C318FB1A-4013-4DC3-9982-0FE9769E636B}.Debug|Any CPU.ActiveCfg = Debug|Any CPU
		{C318FB1A-4013-4DC3-9982-0FE9769E636B}.Debug|Any CPU.Build.0 = Debug|Any CPU
		{C318FB1A-4013-4DC3-9982-0FE9769E636B}.Release|Any CPU.ActiveCfg = Release|Any CPU
		{C318FB1A-4013-4DC3-9982-0FE9769E636B}.Release|Any CPU.Build.0 = Release|Any CPU
		{630C8159-5DFC-42C1-9A5A-6CF52E8C8A7E}.Debug|Any CPU.ActiveCfg = Debug|Any CPU
		{630C8159-5DFC-42C1-9A5A-6CF52E8C8A7E}.Debug|Any CPU.Build.0 = Debug|Any CPU
		{630C8159-5DFC-42C1-9A5A-6CF52E8C8A7E}.Release|Any CPU.ActiveCfg = Release|Any CPU
		{630C8159-5DFC-42C1-9A5A-6CF52E8C8A7E}.Release|Any CPU.Build.0 = Release|Any CPU
	EndGlobalSection
	GlobalSection(SolutionProperties) = preSolution
		HideSolutionNode = FALSE
	EndGlobalSection
	GlobalSection(NestedProjects) = preSolution
		{3DA71D6C-8CA3-4505-A5F8-23F3CA29B999} = {B202A1CC-AA1E-41EA-8CBE-23DCFFED9C19}
		{7C2473AD-B259-4504-AF4C-99785E67314B} = {B202A1CC-AA1E-41EA-8CBE-23DCFFED9C19}
		{AE5841B5-036C-4492-B15C-F623D3F75293} = {B3D5AA1D-7271-4B01-B2F3-F2BBC7D004BE}
		{C318FB1A-4013-4DC3-9982-0FE9769E636B} = {19F69E15-5A25-44C1-9CF8-494C3C8760F4}
		{630C8159-5DFC-42C1-9A5A-6CF52E8C8A7E} = {3DA71D6C-8CA3-4505-A5F8-23F3CA29B999}
	EndGlobalSection
	GlobalSection(ExtensibilityGlobals) = postSolution
		SolutionGuid = {2CF92059-3C6B-42BA-B137-A5C8C3606B36}
	EndGlobalSection
EndGlobal
